
Microsoft Visual Studio Solution File, Format Version 12.00
# Visual Studio Version 17
VisualStudioVersion = 17.3.32901.215
MinimumVisualStudioVersion = 10.0.40219.1
Project("{888888A0-9F3D-457C-B088-3A5042F75D52}") = "Ballot_castingV2.0_Json_UnitTest", "Unit_Test_BallotCast\Ballot_castingV2.0_Json_UnitTest.pyproj", "{1140F46E-8A26-41E9-92A9-D340A66BE33B}"
EndProject
Global
	GlobalSection(SolutionConfigurationPlatforms) = preSolution
		Debug|Any CPU = Debug|Any CPU
		Release|Any CPU = Release|Any CPU
	EndGlobalSection
	GlobalSection(ProjectConfigurationPlatforms) = postSolution
		{1140F46E-8A26-41E9-92A9-D340A66BE33B}.Debug|Any CPU.ActiveCfg = Debug|Any CPU
		{1140F46E-8A26-41E9-92A9-D340A66BE33B}.Release|Any CPU.ActiveCfg = Release|Any CPU
	EndGlobalSection
	GlobalSection(SolutionProperties) = preSolution
		HideSolutionNode = FALSE
	EndGlobalSection
	GlobalSection(ExtensibilityGlobals) = postSolution
		SolutionGuid = {B6088EEA-5DBB-4124-8DF1-20C3A504793B}
	EndGlobalSection
EndGlobal
